
Microsoft Visual Studio Solution File, Format Version 12.00
# Visual Studio Version 17
VisualStudioVersion = 17.8.34004.107
MinimumVisualStudioVersion = 10.0.40219.1
Project("{9A19103F-16F7-4668-BE54-9A1E7A4F7556}") = "Clinic-MGT", "Clinic-MGT.csproj", "{D9168EE9-F9B9-4839-95DE-8954CA793764}"
EndProject
Global
	GlobalSection(SolutionConfigurationPlatforms) = preSolution
		Debug|Any CPU = Debug|Any CPU
		Release|Any CPU = Release|Any CPU
	EndGlobalSection
	GlobalSection(ProjectConfigurationPlatforms) = postSolution
		{D9168EE9-F9B9-4839-95DE-8954CA793764}.Debug|Any CPU.ActiveCfg = Debug|Any CPU
		{D9168EE9-F9B9-4839-95DE-8954CA793764}.Debug|Any CPU.Build.0 = Debug|Any CPU
		{D9168EE9-F9B9-4839-95DE-8954CA793764}.Release|Any CPU.ActiveCfg = Release|Any CPU
		{D9168EE9-F9B9-4839-95DE-8954CA793764}.Release|Any CPU.Build.0 = Release|Any CPU
	EndGlobalSection
	GlobalSection(SolutionProperties) = preSolution
		HideSolutionNode = FALSE
	EndGlobalSection
	GlobalSection(ExtensibilityGlobals) = postSolution
		SolutionGuid = {2E28DDF9-7355-48D0-B68A-5A926F4F8884}
	EndGlobalSection
EndGlobal
