
Microsoft Visual Studio Solution File, Format Version 12.00
# Visual Studio Version 17
VisualStudioVersion = 17.8.34004.107
MinimumVisualStudioVersion = 10.0.40219.1
Project("{FAE04EC0-301F-11D3-BF4B-00C04F79EFBC}") = "Midterm-PROG1965-W24_Sec6", "Midterm-PROG1965-W24_Sec6.csproj", "{EA9E2A19-5F8B-49A2-9DF9-845004C11C73}"
EndProject
Global
	GlobalSection(SolutionConfigurationPlatforms) = preSolution
		Debug|Any CPU = Debug|Any CPU
		Release|Any CPU = Release|Any CPU
	EndGlobalSection
	GlobalSection(ProjectConfigurationPlatforms) = postSolution
		{EA9E2A19-5F8B-49A2-9DF9-845004C11C73}.Debug|Any CPU.ActiveCfg = Debug|Any CPU
		{EA9E2A19-5F8B-49A2-9DF9-845004C11C73}.Debug|Any CPU.Build.0 = Debug|Any CPU
		{EA9E2A19-5F8B-49A2-9DF9-845004C11C73}.Release|Any CPU.ActiveCfg = Release|Any CPU
		{EA9E2A19-5F8B-49A2-9DF9-845004C11C73}.Release|Any CPU.Build.0 = Release|Any CPU
	EndGlobalSection
	GlobalSection(SolutionProperties) = preSolution
		HideSolutionNode = FALSE
	EndGlobalSection
	GlobalSection(ExtensibilityGlobals) = postSolution
		SolutionGuid = {E68E2690-099F-4C5F-92C3-03658DD5922F}
	EndGlobalSection
EndGlobal
